releases:
  semlith/0.3.0: sha256:1167e34d3613b67c2eb098ae84a8c80519087ff161fc198958d6c902998574a5
  semlith/0.4.0: sha256:5be7c22e39c085d1c051cbe6db774cf642345006e7c5034f30489feef1884354
  semlith/0.5.0: sha256:9a0be85a192b7c1ba1ad60b43254638d3b9b24c8b1af4254b9dc66fc6b5af563
  semlith/0.6.0: sha256:1429cb6f592ed91ef7d075ec4430c81038c92e5ce1213a416f4b32e53a276108
  semlith/0.7.0: sha256:9392bc650d3b1142bfeec53663a19932ad5f7dc3fee4c522b10344377c67ab32
